// !$*UTF8*$!
{
	archiveVersion = 1;
	classes = {
	};
	objectVersion = 46;
	objects = {

/* Begin PBXBuildFile section */
		A39903DB1A63946D00CB5493 /* MHMeditation.swift in Sources */ = {isa = PBXBuildFile; fileRef = A39903DA1A63946D00CB5493 /* MHMeditation.swift */; };
		A3B411EB1A64E21200F74BDC /* AudioToolbox.framework in Frameworks */ = {isa = PBXBuildFile; fileRef = A3B411EA1A64E21200F74BDC /* AudioToolbox.framework */; };
		A3B411ED1A64E21900F74BDC /* CFNetwork.framework in Frameworks */ = {isa = PBXBuildFile; fileRef = A3B411EC1A64E21900F74BDC /* CFNetwork.framework */; };
		A3B411EF1A64E23100F74BDC /* CoreGraphics.framework in Frameworks */ = {isa = PBXBuildFile; fileRef = A3B411EE1A64E23100F74BDC /* CoreGraphics.framework */; };
		A3B411F11A64E23700F74BDC /* CoreLocation.framework in Frameworks */ = {isa = PBXBuildFile; fileRef = A3B411F01A64E23700F74BDC /* CoreLocation.framework */; };
		A3B411F31A64E23D00F74BDC /* MobileCoreServices.framework in Frameworks */ = {isa = PBXBuildFile; fileRef = A3B411F21A64E23D00F74BDC /* MobileCoreServices.framework */; };
		A3B411F51A64E24200F74BDC /* QuartzCore.framework in Frameworks */ = {isa = PBXBuildFile; fileRef = A3B411F41A64E24200F74BDC /* QuartzCore.framework */; };
		A3B411F71A64E24800F74BDC /* Security.framework in Frameworks */ = {isa = PBXBuildFile; fileRef = A3B411F61A64E24800F74BDC /* Security.framework */; };
		A3B411F91A64E24F00F74BDC /* StoreKit.framework in Frameworks */ = {isa = PBXBuildFile; fileRef = A3B411F81A64E24F00F74BDC /* StoreKit.framework */; };
		A3B411FB1A64E25400F74BDC /* SystemConfiguration.framework in Frameworks */ = {isa = PBXBuildFile; fileRef = A3B411FA1A64E25400F74BDC /* SystemConfiguration.framework */; };
		A3B411FD1A64E25A00F74BDC /* libz.dylib in Frameworks */ = {isa = PBXBuildFile; fileRef = A3B411FC1A64E25A00F74BDC /* libz.dylib */; };
		A3B411FF1A64E26200F74BDC /* libsqlite3.dylib in Frameworks */ = {isa = PBXBuildFile; fileRef = A3B411FE1A64E26200F74BDC /* libsqlite3.dylib */; };
		A3B412021A64E2B900F74BDC /* Parse.framework in Frameworks */ = {isa = PBXBuildFile; fileRef = A3B412011A64E2B900F74BDC /* Parse.framework */; };
		A3B412041A64E2C200F74BDC /* Bolts.framework in Frameworks */ = {isa = PBXBuildFile; fileRef = A3B412031A64E2C200F74BDC /* Bolts.framework */; };
		A3B9AF3E1A625CCF00234F80 /* AppDelegate.swift in Sources */ = {isa = PBXBuildFile; fileRef = A3B9AF3D1A625CCF00234F80 /* AppDelegate.swift */; };
		A3B9AF401A625CCF00234F80 /* MHMeditationViewController.swift in Sources */ = {isa = PBXBuildFile; fileRef = A3B9AF3F1A625CCF00234F80 /* MHMeditationViewController.swift */; };
		A3B9AF421A625CCF00234F80 /* MHSummaryViewController.swift in Sources */ = {isa = PBXBuildFile; fileRef = A3B9AF411A625CCF00234F80 /* MHSummaryViewController.swift */; };
		A3B9AF451A625CCF00234F80 /* Main.storyboard in Resources */ = {isa = PBXBuildFile; fileRef = A3B9AF431A625CCF00234F80 /* Main.storyboard */; };
		A3B9AF471A625CCF00234F80 /* Images.xcassets in Resources */ = {isa = PBXBuildFile; fileRef = A3B9AF461A625CCF00234F80 /* Images.xcassets */; };
		A3B9AF4A1A625CCF00234F80 /* LaunchScreen.xib in Resources */ = {isa = PBXBuildFile; fileRef = A3B9AF481A625CCF00234F80 /* LaunchScreen.xib */; };
		A3B9AF561A625CCF00234F80 /* MeditationHelperTests.swift in Sources */ = {isa = PBXBuildFile; fileRef = A3B9AF551A625CCF00234F80 /* MeditationHelperTests.swift */; };
		A3B9AF601A62825400234F80 /* MHRingtonesTableViewController.swift in Sources */ = {isa = PBXBuildFile; fileRef = A3B9AF5F1A62825400234F80 /* MHRingtonesTableViewController.swift */; };
		A3B9AF621A62834500234F80 /* MHDismissSegue.swift in Sources */ = {isa = PBXBuildFile; fileRef = A3B9AF611A62834500234F80 /* MHDismissSegue.swift */; };
		A3B9AF641A6292B200234F80 /* MHSaveRecordTableViewController.swift in Sources */ = {isa = PBXBuildFile; fileRef = A3B9AF631A6292B200234F80 /* MHSaveRecordTableViewController.swift */; };
/* End PBXBuildFile section */

/* Begin PBXContainerItemProxy section */
		A3B9AF501A625CCF00234F80 /* PBXContainerItemProxy */ = {
			isa = PBXContainerItemProxy;
			containerPortal = A3B9AF301A625CCF00234F80 /* Project object */;
			proxyType = 1;
			remoteGlobalIDString = A3B9AF371A625CCF00234F80;
			remoteInfo = MeditationHelper;
		};
/* End PBXContainerItemProxy section */

/* Begin PBXFileReference section */
		A39903DA1A63946D00CB5493 /* MHMeditation.swift */ = {isa = PBXFileReference; fileEncoding = 4; lastKnownFileType = sourcecode.swift; path = MHMeditation.swift; sourceTree = "<group>"; };
		A3B411EA1A64E21200F74BDC /* AudioToolbox.framework */ = {isa = PBXFileReference; lastKnownFileType = wrapper.framework; name = AudioToolbox.framework; path = System/Library/Frameworks/AudioToolbox.framework; sourceTree = SDKROOT; };
		A3B411EC1A64E21900F74BDC /* CFNetwork.framework */ = {isa = PBXFileReference; lastKnownFileType = wrapper.framework; name = CFNetwork.framework; path = System/Library/Frameworks/CFNetwork.framework; sourceTree = SDKROOT; };
		A3B411EE1A64E23100F74BDC /* CoreGraphics.framework */ = {isa = PBXFileReference; lastKnownFileType = wrapper.framework; name = CoreGraphics.framework; path = System/Library/Frameworks/CoreGraphics.framework; sourceTree = SDKROOT; };
		A3B411F01A64E23700F74BDC /* CoreLocation.framework */ = {isa = PBXFileReference; lastKnownFileType = wrapper.framework; name = CoreLocation.framework; path = System/Library/Frameworks/CoreLocation.framework; sourceTree = SDKROOT; };
		A3B411F21A64E23D00F74BDC /* MobileCoreServices.framework */ = {isa = PBXFileReference; lastKnownFileType = wrapper.framework; name = MobileCoreServices.framework; path = System/Library/Frameworks/MobileCoreServices.framework; sourceTree = SDKROOT; };
		A3B411F41A64E24200F74BDC /* QuartzCore.framework */ = {isa = PBXFileReference; lastKnownFileType = wrapper.framework; name = QuartzCore.framework; path = System/Library/Frameworks/QuartzCore.framework; sourceTree = SDKROOT; };
		A3B411F61A64E24800F74BDC /* Security.framework */ = {isa = PBXFileReference; lastKnownFileType = wrapper.framework; name = Security.framework; path = System/Library/Frameworks/Security.framework; sourceTree = SDKROOT; };
		A3B411F81A64E24F00F74BDC /* StoreKit.framework */ = {isa = PBXFileReference; lastKnownFileType = wrapper.framework; name = StoreKit.framework; path = System/Library/Frameworks/StoreKit.framework; sourceTree = SDKROOT; };
		A3B411FA1A64E25400F74BDC /* SystemConfiguration.framework */ = {isa = PBXFileReference; lastKnownFileType = wrapper.framework; name = SystemConfiguration.framework; path = System/Library/Frameworks/SystemConfiguration.framework; sourceTree = SDKROOT; };
		A3B411FC1A64E25A00F74BDC /* libz.dylib */ = {isa = PBXFileReference; lastKnownFileType = "compiled.mach-o.dylib"; name = libz.dylib; path = usr/lib/libz.dylib; sourceTree = SDKROOT; };
		A3B411FE1A64E26200F74BDC /* libsqlite3.dylib */ = {isa = PBXFileReference; lastKnownFileType = "compiled.mach-o.dylib"; name = libsqlite3.dylib; path = usr/lib/libsqlite3.dylib; sourceTree = SDKROOT; };
		A3B412011A64E2B900F74BDC /* Parse.framework */ = {isa = PBXFileReference; lastKnownFileType = wrapper.framework; path = Parse.framework; sourceTree = "<group>"; };
		A3B412031A64E2C200F74BDC /* Bolts.framework */ = {isa = PBXFileReference; lastKnownFileType = wrapper.framework; path = Bolts.framework; sourceTree = "<group>"; };
		A3B412061A64E32200F74BDC /* MeditationHelper-Bridging-Header.h */ = {isa = PBXFileReference; lastKnownFileType = sourcecode.c.h; path = "MeditationHelper-Bridging-Header.h"; sourceTree = "<group>"; };
		A3B9AF381A625CCF00234F80 /* MeditationHelper.app */ = {isa = PBXFileReference; explicitFileType = wrapper.application; includeInIndex = 0; path = MeditationHelper.app; sourceTree = BUILT_PRODUCTS_DIR; };
		A3B9AF3C1A625CCF00234F80 /* Info.plist */ = {isa = PBXFileReference; lastKnownFileType = text.plist.xml; path = Info.plist; sourceTree = "<group>"; };
		A3B9AF3D1A625CCF00234F80 /* AppDelegate.swift */ = {isa = PBXFileReference; lastKnownFileType = sourcecode.swift; path = AppDelegate.swift; sourceTree = "<group>"; };
		A3B9AF3F1A625CCF00234F80 /* MHMeditationViewController.swift */ = {isa = PBXFileReference; lastKnownFileType = sourcecode.swift; path = MHMeditationViewController.swift; sourceTree = "<group>"; };
		A3B9AF411A625CCF00234F80 /* MHSummaryViewController.swift */ = {isa = PBXFileReference; lastKnownFileType = sourcecode.swift; path = MHSummaryViewController.swift; sourceTree = "<group>"; };
		A3B9AF441A625CCF00234F80 /* Base */ = {isa = PBXFileReference; lastKnownFileType = file.storyboard; name = Base; path = Base.lproj/Main.storyboard; sourceTree = "<group>"; };
		A3B9AF461A625CCF00234F80 /* Images.xcassets */ = {isa = PBXFileReference; lastKnownFileType = folder.assetcatalog; path = Images.xcassets; sourceTree = "<group>"; };
		A3B9AF491A625CCF00234F80 /* Base */ = {isa = PBXFileReference; lastKnownFileType = file.xib; name = Base; path = Base.lproj/LaunchScreen.xib; sourceTree = "<group>"; };
		A3B9AF4F1A625CCF00234F80 /* MeditationHelperTests.xctest */ = {isa = PBXFileReference; explicitFileType = wrapper.cfbundle; includeInIndex = 0; path = MeditationHelperTests.xctest; sourceTree = BUILT_PRODUCTS_DIR; };
		A3B9AF541A625CCF00234F80 /* Info.plist */ = {isa = PBXFileReference; lastKnownFileType = text.plist.xml; path = Info.plist; sourceTree = "<group>"; };
		A3B9AF551A625CCF00234F80 /* MeditationHelperTests.swift */ = {isa = PBXFileReference; lastKnownFileType = sourcecode.swift; path = MeditationHelperTests.swift; sourceTree = "<group>"; };
		A3B9AF5F1A62825400234F80 /* MHRingtonesTableViewController.swift */ = {isa = PBXFileReference; fileEncoding = 4; lastKnownFileType = sourcecode.swift; path = MHRingtonesTableViewController.swift; sourceTree = "<group>"; };
		A3B9AF611A62834500234F80 /* MHDismissSegue.swift */ = {isa = PBXFileReference; fileEncoding = 4; lastKnownFileType = sourcecode.swift; path = MHDismissSegue.swift; sourceTree = "<group>"; };
		A3B9AF631A6292B200234F80 /* MHSaveRecordTableViewController.swift */ = {isa = PBXFileReference; fileEncoding = 4; lastKnownFileType = sourcecode.swift; path = MHSaveRecordTableViewController.swift; sourceTree = "<group>"; };
/* End PBXFileReference section */

/* Begin PBXFrameworksBuildPhase section */
		A3B9AF351A625CCF00234F80 /* Frameworks */ = {
			isa = PBXFrameworksBuildPhase;
			buildActionMask = 2147483647;
			files = (
				A3B411FF1A64E26200F74BDC /* libsqlite3.dylib in Frameworks */,
				A3B411FD1A64E25A00F74BDC /* libz.dylib in Frameworks */,
				A3B411FB1A64E25400F74BDC /* SystemConfiguration.framework in Frameworks */,
				A3B411F91A64E24F00F74BDC /* StoreKit.framework in Frameworks */,
				A3B411F71A64E24800F74BDC /* Security.framework in Frameworks */,
				A3B411F51A64E24200F74BDC /* QuartzCore.framework in Frameworks */,
				A3B411F31A64E23D00F74BDC /* MobileCoreServices.framework in Frameworks */,
				A3B412041A64E2C200F74BDC /* Bolts.framework in Frameworks */,
				A3B411F11A64E23700F74BDC /* CoreLocation.framework in Frameworks */,
				A3B411EF1A64E23100F74BDC /* CoreGraphics.framework in Frameworks */,
				A3B411ED1A64E21900F74BDC /* CFNetwork.framework in Frameworks */,
				A3B412021A64E2B900F74BDC /* Parse.framework in Frameworks */,
				A3B411EB1A64E21200F74BDC /* AudioToolbox.framework in Frameworks */,
			);
			runOnlyForDeploymentPostprocessing = 0;
		};
		A3B9AF4C1A625CCF00234F80 /* Frameworks */ = {
			isa = PBXFrameworksBuildPhase;
			buildActionMask = 2147483647;
			files = (
			);
			runOnlyForDeploymentPostprocessing = 0;
		};
/* End PBXFrameworksBuildPhase section */

/* Begin PBXGroup section */
		A39903DC1A639CF500CB5493 /* Resources */ = {
			isa = PBXGroup;
			children = (
				A3B9AF461A625CCF00234F80 /* Images.xcassets */,
				A3B9AF481A625CCF00234F80 /* LaunchScreen.xib */,
				A3B9AF431A625CCF00234F80 /* Main.storyboard */,
			);
			name = Resources;
			sourceTree = "<group>";
		};
		A3B412001A64E29300F74BDC /* Frameworks */ = {
			isa = PBXGroup;
			children = (
				A3B412031A64E2C200F74BDC /* Bolts.framework */,
				A3B412011A64E2B900F74BDC /* Parse.framework */,
				A3B411FE1A64E26200F74BDC /* libsqlite3.dylib */,
				A3B411FC1A64E25A00F74BDC /* libz.dylib */,
				A3B411FA1A64E25400F74BDC /* SystemConfiguration.framework */,
				A3B411F81A64E24F00F74BDC /* StoreKit.framework */,
				A3B411F61A64E24800F74BDC /* Security.framework */,
				A3B411F41A64E24200F74BDC /* QuartzCore.framework */,
				A3B411F21A64E23D00F74BDC /* MobileCoreServices.framework */,
				A3B411F01A64E23700F74BDC /* CoreLocation.framework */,
				A3B411EE1A64E23100F74BDC /* CoreGraphics.framework */,
				A3B411EC1A64E21900F74BDC /* CFNetwork.framework */,
				A3B411EA1A64E21200F74BDC /* AudioToolbox.framework */,
			);
			name = Frameworks;
			sourceTree = "<group>";
		};
		A3B412051A64E2E700F74BDC /* Controllers */ = {
			isa = PBXGroup;
			children = (
				A3B9AF3F1A625CCF00234F80 /* MHMeditationViewController.swift */,
				A3B9AF5F1A62825400234F80 /* MHRingtonesTableViewController.swift */,
				A3B9AF631A6292B200234F80 /* MHSaveRecordTableViewController.swift */,
				A3B9AF411A625CCF00234F80 /* MHSummaryViewController.swift */,
			);
			name = Controllers;
			sourceTree = "<group>";
		};
		A3B9AF2F1A625CCF00234F80 = {
			isa = PBXGroup;
			children = (
				A3B9AF3A1A625CCF00234F80 /* MeditationHelper */,
				A3B9AF521A625CCF00234F80 /* MeditationHelperTests */,
				A3B412001A64E29300F74BDC /* Frameworks */,
				A3B9AF391A625CCF00234F80 /* Products */,
			);
			indentWidth = 2;
			sourceTree = "<group>";
			tabWidth = 2;
		};
		A3B9AF391A625CCF00234F80 /* Products */ = {
			isa = PBXGroup;
			children = (
				A3B9AF381A625CCF00234F80 /* MeditationHelper.app */,
				A3B9AF4F1A625CCF00234F80 /* MeditationHelperTests.xctest */,
			);
			name = Products;
			sourceTree = "<group>";
		};
		A3B9AF3A1A625CCF00234F80 /* MeditationHelper */ = {
			isa = PBXGroup;
			children = (
				A3B9AF3D1A625CCF00234F80 /* AppDelegate.swift */,
				A3B9AF611A62834500234F80 /* MHDismissSegue.swift */,
				A39903DA1A63946D00CB5493 /* MHMeditation.swift */,
				A3B412051A64E2E700F74BDC /* Controllers */,
				A39903DC1A639CF500CB5493 /* Resources */,
				A3B9AF3B1A625CCF00234F80 /* Supporting Files */,
				A3B412061A64E32200F74BDC /* MeditationHelper-Bridging-Header.h */,
			);
			path = MeditationHelper;
			sourceTree = "<group>";
		};
		A3B9AF3B1A625CCF00234F80 /* Supporting Files */ = {
			isa = PBXGroup;
			children = (
				A3B9AF3C1A625CCF00234F80 /* Info.plist */,
			);
			name = "Supporting Files";
			sourceTree = "<group>";
		};
		A3B9AF521A625CCF00234F80 /* MeditationHelperTests */ = {
			isa = PBXGroup;
			children = (
				A3B9AF551A625CCF00234F80 /* MeditationHelperTests.swift */,
				A3B9AF531A625CCF00234F80 /* Supporting Files */,
			);
			path = MeditationHelperTests;
			sourceTree = "<group>";
		};
		A3B9AF531A625CCF00234F80 /* Supporting Files */ = {
			isa = PBXGroup;
			children = (
				A3B9AF541A625CCF00234F80 /* Info.plist */,
			);
			name = "Supporting Files";
			sourceTree = "<group>";
		};
/* End PBXGroup section */

/* Begin PBXNativeTarget section */
		A3B9AF371A625CCF00234F80 /* MeditationHelper */ = {
			isa = PBXNativeTarget;
			buildConfigurationList = A3B9AF591A625CCF00234F80 /* Build configuration list for PBXNativeTarget "MeditationHelper" */;
			buildPhases = (
				A3B9AF341A625CCF00234F80 /* Sources */,
				A3B9AF351A625CCF00234F80 /* Frameworks */,
				A3B9AF361A625CCF00234F80 /* Resources */,
			);
			buildRules = (
			);
			dependencies = (
			);
			name = MeditationHelper;
			productName = MeditationHelper;
			productReference = A3B9AF381A625CCF00234F80 /* MeditationHelper.app */;
			productType = "com.apple.product-type.application";
		};
		A3B9AF4E1A625CCF00234F80 /* MeditationHelperTests */ = {
			isa = PBXNativeTarget;
			buildConfigurationList = A3B9AF5C1A625CCF00234F80 /* Build configuration list for PBXNativeTarget "MeditationHelperTests" */;
			buildPhases = (
				A3B9AF4B1A625CCF00234F80 /* Sources */,
				A3B9AF4C1A625CCF00234F80 /* Frameworks */,
				A3B9AF4D1A625CCF00234F80 /* Resources */,
			);
			buildRules = (
			);
			dependencies = (
				A3B9AF511A625CCF00234F80 /* PBXTargetDependency */,
			);
			name = MeditationHelperTests;
			productName = MeditationHelperTests;
			productReference = A3B9AF4F1A625CCF00234F80 /* MeditationHelperTests.xctest */;
			productType = "com.apple.product-type.bundle.unit-test";
		};
/* End PBXNativeTarget section */

/* Begin PBXProject section */
		A3B9AF301A625CCF00234F80 /* Project object */ = {
			isa = PBXProject;
			attributes = {
				LastUpgradeCheck = 0610;
				ORGANIZATIONNAME = Sunlong;
				TargetAttributes = {
					A3B9AF371A625CCF00234F80 = {
						CreatedOnToolsVersion = 6.1.1;
					};
					A3B9AF4E1A625CCF00234F80 = {
						CreatedOnToolsVersion = 6.1.1;
						TestTargetID = A3B9AF371A625CCF00234F80;
					};
				};
			};
			buildConfigurationList = A3B9AF331A625CCF00234F80 /* Build configuration list for PBXProject "MeditationHelper" */;
			compatibilityVersion = "Xcode 3.2";
			developmentRegion = English;
			hasScannedForEncodings = 0;
			knownRegions = (
				en,
				Base,
			);
			mainGroup = A3B9AF2F1A625CCF00234F80;
			productRefGroup = A3B9AF391A625CCF00234F80 /* Products */;
			projectDirPath = "";
			projectRoot = "";
			targets = (
				A3B9AF371A625CCF00234F80 /* MeditationHelper */,
				A3B9AF4E1A625CCF00234F80 /* MeditationHelperTests */,
			);
		};
/* End PBXProject section */

/* Begin PBXResourcesBuildPhase section */
		A3B9AF361A625CCF00234F80 /* Resources */ = {
			isa = PBXResourcesBuildPhase;
			buildActionMask = 2147483647;
			files = (
				A3B9AF451A625CCF00234F80 /* Main.storyboard in Resources */,
				A3B9AF4A1A625CCF00234F80 /* LaunchScreen.xib in Resources */,
				A3B9AF471A625CCF00234F80 /* Images.xcassets in Resources */,
			);
			runOnlyForDeploymentPostprocessing = 0;
		};
		A3B9AF4D1A625CCF00234F80 /* Resources */ = {
			isa = PBXResourcesBuildPhase;
			buildActionMask = 2147483647;
			files = (
			);
			runOnlyForDeploymentPostprocessing = 0;
		};
/* End PBXResourcesBuildPhase section */

/* Begin PBXSourcesBuildPhase section */
		A3B9AF341A625CCF00234F80 /* Sources */ = {
			isa = PBXSourcesBuildPhase;
			buildActionMask = 2147483647;
			files = (
				A3B9AF601A62825400234F80 /* MHRingtonesTableViewController.swift in Sources */,
				A39903DB1A63946D00CB5493 /* MHMeditation.swift in Sources */,
				A3B9AF621A62834500234F80 /* MHDismissSegue.swift in Sources */,
				A3B9AF641A6292B200234F80 /* MHSaveRecordTableViewController.swift in Sources */,
				A3B9AF421A625CCF00234F80 /* MHSummaryViewController.swift in Sources */,
				A3B9AF3E1A625CCF00234F80 /* AppDelegate.swift in Sources */,
				A3B9AF401A625CCF00234F80 /* MHMeditationViewController.swift in Sources */,
			);
			runOnlyForDeploymentPostprocessing = 0;
		};
		A3B9AF4B1A625CCF00234F80 /* Sources */ = {
			isa = PBXSourcesBuildPhase;
			buildActionMask = 2147483647;
			files = (
				A3B9AF561A625CCF00234F80 /* MeditationHelperTests.swift in Sources */,
			);
			runOnlyForDeploymentPostprocessing = 0;
		};
/* End PBXSourcesBuildPhase section */

/* Begin PBXTargetDependency section */
		A3B9AF511A625CCF00234F80 /* PBXTargetDependency */ = {
			isa = PBXTargetDependency;
			target = A3B9AF371A625CCF00234F80 /* MeditationHelper */;
			targetProxy = A3B9AF501A625CCF00234F80 /* PBXContainerItemProxy */;
		};
/* End PBXTargetDependency section */

/* Begin PBXVariantGroup section */
		A3B9AF431A625CCF00234F80 /* Main.storyboard */ = {
			isa = PBXVariantGroup;
			children = (
				A3B9AF441A625CCF00234F80 /* Base */,
			);
			name = Main.storyboard;
			sourceTree = "<group>";
		};
		A3B9AF481A625CCF00234F80 /* LaunchScreen.xib */ = {
			isa = PBXVariantGroup;
			children = (
				A3B9AF491A625CCF00234F80 /* Base */,
			);
			name = LaunchScreen.xib;
			sourceTree = "<group>";
		};
/* End PBXVariantGroup section */

/* Begin XCBuildConfiguration section */
		A3B9AF571A625CCF00234F80 /* Debug */ = {
			isa = XCBuildConfiguration;
			buildSettings = {
				ALWAYS_SEARCH_USER_PATHS = NO;
				CLANG_CXX_LANGUAGE_STANDARD = "gnu++0x";
				CLANG_CXX_LIBRARY = "libc++";
				CLANG_ENABLE_MODULES = YES;
				CLANG_ENABLE_OBJC_ARC = YES;
				CLANG_WARN_BOOL_CONVERSION = YES;
				CLANG_WARN_CONSTANT_CONVERSION = YES;
				CLANG_WARN_DIRECT_OBJC_ISA_USAGE = YES_ERROR;
				CLANG_WARN_EMPTY_BODY = YES;
				CLANG_WARN_ENUM_CONVERSION = YES;
				CLANG_WARN_INT_CONVERSION = YES;
				CLANG_WARN_OBJC_ROOT_CLASS = YES_ERROR;
				CLANG_WARN_UNREACHABLE_CODE = YES;
				CLANG_WARN__DUPLICATE_METHOD_MATCH = YES;
				"CODE_SIGN_IDENTITY[sdk=iphoneos*]" = "iPhone Developer";
				COPY_PHASE_STRIP = NO;
				ENABLE_STRICT_OBJC_MSGSEND = YES;
				GCC_C_LANGUAGE_STANDARD = gnu99;
				GCC_DYNAMIC_NO_PIC = NO;
				GCC_OPTIMIZATION_LEVEL = 0;
				GCC_PREPROCESSOR_DEFINITIONS = (
					"DEBUG=1",
					"$(inherited)",
				);
				GCC_SYMBOLS_PRIVATE_EXTERN = NO;
				GCC_WARN_64_TO_32_BIT_CONVERSION = YES;
				GCC_WARN_ABOUT_RETURN_TYPE = YES_ERROR;
				GCC_WARN_UNDECLARED_SELECTOR = YES;
				GCC_WARN_UNINITIALIZED_AUTOS = YES_AGGRESSIVE;
				GCC_WARN_UNUSED_FUNCTION = YES;
				GCC_WARN_UNUSED_VARIABLE = YES;
				IPHONEOS_DEPLOYMENT_TARGET = 8.1;
				MTL_ENABLE_DEBUG_INFO = YES;
				ONLY_ACTIVE_ARCH = YES;
				SDKROOT = iphoneos;
				SWIFT_OPTIMIZATION_LEVEL = "-Onone";
				TARGETED_DEVICE_FAMILY = "1,2";
			};
			name = Debug;
		};
		A3B9AF581A625CCF00234F80 /* Release */ = {
			isa = XCBuildConfiguration;
			buildSettings = {
				ALWAYS_SEARCH_USER_PATHS = NO;
				CLANG_CXX_LANGUAGE_STANDARD = "gnu++0x";
				CLANG_CXX_LIBRARY = "libc++";
				CLANG_ENABLE_MODULES = YES;
				CLANG_ENABLE_OBJC_ARC = YES;
				CLANG_WARN_BOOL_CONVERSION = YES;
				CLANG_WARN_CONSTANT_CONVERSION = YES;
				CLANG_WARN_DIRECT_OBJC_ISA_USAGE = YES_ERROR;
				CLANG_WARN_EMPTY_BODY = YES;
				CLANG_WARN_ENUM_CONVERSION = YES;
				CLANG_WARN_INT_CONVERSION = YES;
				CLANG_WARN_OBJC_ROOT_CLASS = YES_ERROR;
				CLANG_WARN_UNREACHABLE_CODE = YES;
				CLANG_WARN__DUPLICATE_METHOD_MATCH = YES;
				"CODE_SIGN_IDENTITY[sdk=iphoneos*]" = "iPhone Developer";
				COPY_PHASE_STRIP = YES;
				ENABLE_NS_ASSERTIONS = NO;
				ENABLE_STRICT_OBJC_MSGSEND = YES;
				GCC_C_LANGUAGE_STANDARD = gnu99;
				GCC_WARN_64_TO_32_BIT_CONVERSION = YES;
				GCC_WARN_ABOUT_RETURN_TYPE = YES_ERROR;
				GCC_WARN_UNDECLARED_SELECTOR = YES;
				GCC_WARN_UNINITIALIZED_AUTOS = YES_AGGRESSIVE;
				GCC_WARN_UNUSED_FUNCTION = YES;
				GCC_WARN_UNUSED_VARIABLE = YES;
				IPHONEOS_DEPLOYMENT_TARGET = 8.1;
				MTL_ENABLE_DEBUG_INFO = NO;
				SDKROOT = iphoneos;
				TARGETED_DEVICE_FAMILY = "1,2";
				VALIDATE_PRODUCT = YES;
			};
			name = Release;
		};
		A3B9AF5A1A625CCF00234F80 /* Debug */ = {
			isa = XCBuildConfiguration;
			buildSettings = {
				ASSETCATALOG_COMPILER_APPICON_NAME = AppIcon;
				CLANG_ENABLE_MODULES = YES;
				FRAMEWORK_SEARCH_PATHS = (
					"$(inherited)",
					"$(PROJECT_DIR)",
				);
				INFOPLIST_FILE = MeditationHelper/Info.plist;
				IPHONEOS_DEPLOYMENT_TARGET = 7.0;
				LD_RUNPATH_SEARCH_PATHS = "$(inherited) @executable_path/Frameworks";
				PRODUCT_NAME = "$(TARGET_NAME)";
				SWIFT_OBJC_BRIDGING_HEADER = "MeditationHelper/MeditationHelper-Bridging-Header.h";
				SWIFT_OPTIMIZATION_LEVEL = "-Onone";
			};
			name = Debug;
		};
		A3B9AF5B1A625CCF00234F80 /* Release */ = {
			isa = XCBuildConfiguration;
			buildSettings = {
				ASSETCATALOG_COMPILER_APPICON_NAME = AppIcon;
				CLANG_ENABLE_MODULES = YES;
				FRAMEWORK_SEARCH_PATHS = (
					"$(inherited)",
					"$(PROJECT_DIR)",
				);
				INFOPLIST_FILE = MeditationHelper/Info.plist;
				IPHONEOS_DEPLOYMENT_TARGET = 7.0;
				LD_RUNPATH_SEARCH_PATHS = "$(inherited) @executable_path/Frameworks";
				PRODUCT_NAME = "$(TARGET_NAME)";
				SWIFT_OBJC_BRIDGING_HEADER = "MeditationHelper/MeditationHelper-Bridging-Header.h";
			};
			name = Release;
		};
		A3B9AF5D1A625CCF00234F80 /* Debug */ = {
			isa = XCBuildConfiguration;
			buildSettings = {
				BUNDLE_LOADER = "$(TEST_HOST)";
				FRAMEWORK_SEARCH_PATHS = (
					"$(SDKROOT)/Developer/Library/Frameworks",
					"$(inherited)",
				);
				GCC_PREPROCESSOR_DEFINITIONS = (
					"DEBUG=1",
					"$(inherited)",
				);
				INFOPLIST_FILE = MeditationHelperTests/Info.plist;
				LD_RUNPATH_SEARCH_PATHS = "$(inherited) @executable_path/Frameworks @loader_path/Frameworks";
				PRODUCT_NAME = "$(TARGET_NAME)";
				TEST_HOST = "$(BUILT_PRODUCTS_DIR)/MeditationHelper.app/MeditationHelper";
			};
			name = Debug;
		};
		A3B9AF5E1A625CCF00234F80 /* Release */ = {
			isa = XCBuildConfiguration;
			buildSettings = {
				BUNDLE_LOADER = "$(TEST_HOST)";
				FRAMEWORK_SEARCH_PATHS = (
					"$(SDKROOT)/Developer/Library/Frameworks",
					"$(inherited)",
				);
				INFOPLIST_FILE = MeditationHelperTests/Info.plist;
				LD_RUNPATH_SEARCH_PATHS = "$(inherited) @executable_path/Frameworks @loader_path/Frameworks";
				PRODUCT_NAME = "$(TARGET_NAME)";
				TEST_HOST = "$(BUILT_PRODUCTS_DIR)/MeditationHelper.app/MeditationHelper";
			};
			name = Release;
		};
/* End XCBuildConfiguration section */

/* Begin XCConfigurationList section */
		A3B9AF331A625CCF00234F80 /* Build configuration list for PBXProject "MeditationHelper" */ = {
			isa = XCConfigurationList;
			buildConfigurations = (
				A3B9AF571A625CCF00234F80 /* Debug */,
				A3B9AF581A625CCF00234F80 /* Release */,
			);
			defaultConfigurationIsVisible = 0;
			defaultConfigurationName = Release;
		};
		A3B9AF591A625CCF00234F80 /* Build configuration list for PBXNativeTarget "MeditationHelper" */ = {
			isa = XCConfigurationList;
			buildConfigurations = (
				A3B9AF5A1A625CCF00234F80 /* Debug */,
				A3B9AF5B1A625CCF00234F80 /* Release */,
			);
			defaultConfigurationIsVisible = 0;
			defaultConfigurationName = Release;
		};
		A3B9AF5C1A625CCF00234F80 /* Build configuration list for PBXNativeTarget "MeditationHelperTests" */ = {
			isa = XCConfigurationList;
			buildConfigurations = (
				A3B9AF5D1A625CCF00234F80 /* Debug */,
				A3B9AF5E1A625CCF00234F80 /* Release */,
			);
			defaultConfigurationIsVisible = 0;
			defaultConfigurationName = Release;
		};
/* End XCConfigurationList section */
	};
	rootObject = A3B9AF301A625CCF00234F80 /* Project object */;
}
